
Microsoft Visual Studio Solution File, Format Version 12.00
# Visual Studio Version 17
VisualStudioVersion = 17.5.33424.131
MinimumVisualStudioVersion = 10.0.40219.1
Project("{FAE04EC0-301F-11D3-BF4B-00C04F79EFBC}") = "jogodaforca.ConsoleApp", "jogodaforca.ConsoleApp\jogodaforca.ConsoleApp.csproj", "{11D550A7-6FB4-44C0-9BD1-10618D2C463C}"
EndProject
Global
	GlobalSection(SolutionConfigurationPlatforms) = preSolution
		Debug|Any CPU = Debug|Any CPU
		Release|Any CPU = Release|Any CPU
	EndGlobalSection
	GlobalSection(ProjectConfigurationPlatforms) = postSolution
		{11D550A7-6FB4-44C0-9BD1-10618D2C463C}.Debug|Any CPU.ActiveCfg = Debug|Any CPU
		{11D550A7-6FB4-44C0-9BD1-10618D2C463C}.Debug|Any CPU.Build.0 = Debug|Any CPU
		{11D550A7-6FB4-44C0-9BD1-10618D2C463C}.Release|Any CPU.ActiveCfg = Release|Any CPU
		{11D550A7-6FB4-44C0-9BD1-10618D2C463C}.Release|Any CPU.Build.0 = Release|Any CPU
	EndGlobalSection
	GlobalSection(SolutionProperties) = preSolution
		HideSolutionNode = FALSE
	EndGlobalSection
	GlobalSection(ExtensibilityGlobals) = postSolution
		SolutionGuid = {E5099885-FF44-493B-9686-4CAD1C922E2D}
	EndGlobalSection
EndGlobal
